// !$*UTF8*$!
{
	archiveVersion = 1;
	classes = {
	};
	objectVersion = 46;
	objects = {

/* Begin PBXBuildFile section */
		38214E3B2216B64600E8E0C7 /* SplashViewController.m in Sources */ = {isa = PBXBuildFile; fileRef = 38214E3A2216B64600E8E0C7 /* SplashViewController.m */; };
		38214E79221AE1D900E8E0C7 /* ZixiPlayerSDK.framework in Frameworks */ = {isa = PBXBuildFile; fileRef = 38214E78221AE1D900E8E0C7 /* ZixiPlayerSDK.framework */; };
		38214E7A221AE1E000E8E0C7 /* ZixiPlayerSDK.framework in Frameworks */ = {isa = PBXBuildFile; fileRef = 38214E78221AE1D900E8E0C7 /* ZixiPlayerSDK.framework */; };
		38214E7B221AE1E000E8E0C7 /* ZixiPlayerSDK.framework in Embed Frameworks */ = {isa = PBXBuildFile; fileRef = 38214E78221AE1D900E8E0C7 /* ZixiPlayerSDK.framework */; settings = {ATTRIBUTES = (CodeSignOnCopy, RemoveHeadersOnCopy, ); }; };
		40C616C61F41A96200E63D64 /* main.m in Sources */ = {isa = PBXBuildFile; fileRef = 40C616C51F41A96200E63D64 /* main.m */; };
		40C616C91F41A96200E63D64 /* AppDelegate.m in Sources */ = {isa = PBXBuildFile; fileRef = 40C616C81F41A96200E63D64 /* AppDelegate.m */; };
		40C616CC1F41A96200E63D64 /* ViewController.m in Sources */ = {isa = PBXBuildFile; fileRef = 40C616CB1F41A96200E63D64 /* ViewController.m */; };
		40C616CF1F41A96200E63D64 /* Main.storyboard in Resources */ = {isa = PBXBuildFile; fileRef = 40C616CD1F41A96200E63D64 /* Main.storyboard */; };
		40C616D11F41A96200E63D64 /* Assets.xcassets in Resources */ = {isa = PBXBuildFile; fileRef = 40C616D01F41A96200E63D64 /* Assets.xcassets */; };
		40C616D41F41A96200E63D64 /* LaunchScreen.storyboard in Resources */ = {isa = PBXBuildFile; fileRef = 40C616D21F41A96200E63D64 /* LaunchScreen.storyboard */; };
		40FA77A61F4F20C60092FC85 /* TRAutocompleteView.m in Sources */ = {isa = PBXBuildFile; fileRef = 40FA779C1F4F20B20092FC85 /* TRAutocompleteView.m */; };
		40FA77A71F4F20C60092FC85 /* TRStringExtensions.m in Sources */ = {isa = PBXBuildFile; fileRef = 40FA779F1F4F20B20092FC85 /* TRStringExtensions.m */; };
		40FA77A81F4F20C60092FC85 /* TRTextFieldExtensions.m in Sources */ = {isa = PBXBuildFile; fileRef = 40FA77A11F4F20B20092FC85 /* TRTextFieldExtensions.m */; };
		40FA77A91F4F20C60092FC85 /* ZixiAutocompleteTableViewCell.m in Sources */ = {isa = PBXBuildFile; fileRef = 40FA77A31F4F20B20092FC85 /* ZixiAutocompleteTableViewCell.m */; };
		40FA77AA1F4F20C60092FC85 /* ZixiSuggestion.m in Sources */ = {isa = PBXBuildFile; fileRef = 40FA77A51F4F20B20092FC85 /* ZixiSuggestion.m */; };
/* End PBXBuildFile section */

/* Begin PBXCopyFilesBuildPhase section */
		38214E382216B47C00E8E0C7 /* Embed Frameworks */ = {
			isa = PBXCopyFilesBuildPhase;
			buildActionMask = 2147483647;
			dstPath = "";
			dstSubfolderSpec = 10;
			files = (
				38214E7B221AE1E000E8E0C7 /* ZixiPlayerSDK.framework in Embed Frameworks */,
			);
			name = "Embed Frameworks";
			runOnlyForDeploymentPostprocessing = 0;
		};
/* End PBXCopyFilesBuildPhase section */

/* Begin PBXFileReference section */
		38214E392216B64600E8E0C7 /* SplashViewController.h */ = {isa = PBXFileReference; lastKnownFileType = sourcecode.c.h; path = SplashViewController.h; sourceTree = "<group>"; };
		38214E3A2216B64600E8E0C7 /* SplashViewController.m */ = {isa = PBXFileReference; lastKnownFileType = sourcecode.c.objc; path = SplashViewController.m; sourceTree = "<group>"; };
		38214E78221AE1D900E8E0C7 /* ZixiPlayerSDK.framework */ = {isa = PBXFileReference; lastKnownFileType = wrapper.framework; path = ZixiPlayerSDK.framework; sourceTree = "<group>"; };
		4049E8DF207562C0000C7869 /* ZixiPlayerSDK.framework */ = {isa = PBXFileReference; lastKnownFileType = wrapper.framework; path = ZixiPlayerSDK.framework; sourceTree = "<group>"; };
		40C616C11F41A96200E63D64 /* ZixiPlayerSDKTester.app */ = {isa = PBXFileReference; explicitFileType = wrapper.application; includeInIndex = 0; path = ZixiPlayerSDKTester.app; sourceTree = BUILT_PRODUCTS_DIR; };
		40C616C51F41A96200E63D64 /* main.m */ = {isa = PBXFileReference; lastKnownFileType = sourcecode.c.objc; path = main.m; sourceTree = "<group>"; };
		40C616C71F41A96200E63D64 /* AppDelegate.h */ = {isa = PBXFileReference; lastKnownFileType = sourcecode.c.h; path = AppDelegate.h; sourceTree = "<group>"; };
		40C616C81F41A96200E63D64 /* AppDelegate.m */ = {isa = PBXFileReference; lastKnownFileType = sourcecode.c.objc; path = AppDelegate.m; sourceTree = "<group>"; };
		40C616CA1F41A96200E63D64 /* ViewController.h */ = {isa = PBXFileReference; lastKnownFileType = sourcecode.c.h; path = ViewController.h; sourceTree = "<group>"; };
		40C616CB1F41A96200E63D64 /* ViewController.m */ = {isa = PBXFileReference; lastKnownFileType = sourcecode.c.objc; path = ViewController.m; sourceTree = "<group>"; };
		40C616CE1F41A96200E63D64 /* Base */ = {isa = PBXFileReference; lastKnownFileType = file.storyboard; name = Base; path = Base.lproj/Main.storyboard; sourceTree = "<group>"; };
		40C616D01F41A96200E63D64 /* Assets.xcassets */ = {isa = PBXFileReference; lastKnownFileType = folder.assetcatalog; path = Assets.xcassets; sourceTree = "<group>"; };
		40C616D31F41A96200E63D64 /* Base */ = {isa = PBXFileReference; lastKnownFileType = file.storyboard; name = Base; path = Base.lproj/LaunchScreen.storyboard; sourceTree = "<group>"; };
		40C616D51F41A96200E63D64 /* Info.plist */ = {isa = PBXFileReference; lastKnownFileType = text.plist.xml; path = Info.plist; sourceTree = "<group>"; };
		40FA779A1F4F20B20092FC85 /* TRAutocompleteItemsSource.h */ = {isa = PBXFileReference; lastKnownFileType = sourcecode.c.h; path = TRAutocompleteItemsSource.h; sourceTree = "<group>"; };
		40FA779B1F4F20B20092FC85 /* TRAutocompleteView.h */ = {isa = PBXFileReference; lastKnownFileType = sourcecode.c.h; path = TRAutocompleteView.h; sourceTree = "<group>"; };
		40FA779C1F4F20B20092FC85 /* TRAutocompleteView.m */ = {isa = PBXFileReference; lastKnownFileType = sourcecode.c.objc; path = TRAutocompleteView.m; sourceTree = "<group>"; };
		40FA779D1F4F20B20092FC85 /* TRAutocompletionCellFactory.h */ = {isa = PBXFileReference; lastKnownFileType = sourcecode.c.h; path = TRAutocompletionCellFactory.h; sourceTree = "<group>"; };
		40FA779E1F4F20B20092FC85 /* TRStringExtensions.h */ = {isa = PBXFileReference; lastKnownFileType = sourcecode.c.h; path = TRStringExtensions.h; sourceTree = "<group>"; };
		40FA779F1F4F20B20092FC85 /* TRStringExtensions.m */ = {isa = PBXFileReference; lastKnownFileType = sourcecode.c.objc; path = TRStringExtensions.m; sourceTree = "<group>"; };
		40FA77A01F4F20B20092FC85 /* TRTextFieldExtensions.h */ = {isa = PBXFileReference; lastKnownFileType = sourcecode.c.h; path = TRTextFieldExtensions.h; sourceTree = "<group>"; };
		40FA77A11F4F20B20092FC85 /* TRTextFieldExtensions.m */ = {isa = PBXFileReference; lastKnownFileType = sourcecode.c.objc; path = TRTextFieldExtensions.m; sourceTree = "<group>"; };
		40FA77A21F4F20B20092FC85 /* ZixiAutocompleteTableViewCell.h */ = {isa = PBXFileReference; lastKnownFileType = sourcecode.c.h; path = ZixiAutocompleteTableViewCell.h; sourceTree = "<group>"; };
		40FA77A31F4F20B20092FC85 /* ZixiAutocompleteTableViewCell.m */ = {isa = PBXFileReference; lastKnownFileType = sourcecode.c.objc; path = ZixiAutocompleteTableViewCell.m; sourceTree = "<group>"; };
		40FA77A41F4F20B20092FC85 /* ZixiSuggestion.h */ = {isa = PBXFileReference; lastKnownFileType = sourcecode.c.h; path = ZixiSuggestion.h; sourceTree = "<group>"; };
		40FA77A51F4F20B20092FC85 /* ZixiSuggestion.m */ = {isa = PBXFileReference; lastKnownFileType = sourcecode.c.objc; path = ZixiSuggestion.m; sourceTree = "<group>"; };
/* End PBXFileReference section */

/* Begin PBXFrameworksBuildPhase section */
		40C616BE1F41A96200E63D64 /* Frameworks */ = {
			isa = PBXFrameworksBuildPhase;
			buildActionMask = 2147483647;
			files = (
				38214E7A221AE1E000E8E0C7 /* ZixiPlayerSDK.framework in Frameworks */,
				38214E79221AE1D900E8E0C7 /* ZixiPlayerSDK.framework in Frameworks */,
			);
			runOnlyForDeploymentPostprocessing = 0;
		};
/* End PBXFrameworksBuildPhase section */

/* Begin PBXGroup section */
		40C616B81F41A96200E63D64 = {
			isa = PBXGroup;
			children = (
				40C616C31F41A96200E63D64 /* ZixiPlayerSDKTester */,
				40C616C21F41A96200E63D64 /* Products */,
				40E6F8B71F666EB700E5F1C9 /* Frameworks */,
			);
			sourceTree = "<group>";
		};
		40C616C21F41A96200E63D64 /* Products */ = {
			isa = PBXGroup;
			children = (
				40C616C11F41A96200E63D64 /* ZixiPlayerSDKTester.app */,
			);
			name = Products;
			sourceTree = "<group>";
		};
		40C616C31F41A96200E63D64 /* ZixiPlayerSDKTester */ = {
			isa = PBXGroup;
			children = (
				40FA77991F4F20B20092FC85 /* TRAutocompleteView */,
				40C616C71F41A96200E63D64 /* AppDelegate.h */,
				40C616C81F41A96200E63D64 /* AppDelegate.m */,
				40C616CA1F41A96200E63D64 /* ViewController.h */,
				40C616CB1F41A96200E63D64 /* ViewController.m */,
				38214E392216B64600E8E0C7 /* SplashViewController.h */,
				38214E3A2216B64600E8E0C7 /* SplashViewController.m */,
				40C616CD1F41A96200E63D64 /* Main.storyboard */,
				40C616D01F41A96200E63D64 /* Assets.xcassets */,
				40C616D21F41A96200E63D64 /* LaunchScreen.storyboard */,
				40C616D51F41A96200E63D64 /* Info.plist */,
				40C616C41F41A96200E63D64 /* Supporting Files */,
			);
			path = ZixiPlayerSDKTester;
			sourceTree = "<group>";
		};
		40C616C41F41A96200E63D64 /* Supporting Files */ = {
			isa = PBXGroup;
			children = (
				38214E78221AE1D900E8E0C7 /* ZixiPlayerSDK.framework */,
				40C616C51F41A96200E63D64 /* main.m */,
			);
			name = "Supporting Files";
			sourceTree = "<group>";
		};
		40E6F8B71F666EB700E5F1C9 /* Frameworks */ = {
			isa = PBXGroup;
			children = (
				4049E8DF207562C0000C7869 /* ZixiPlayerSDK.framework */,
			);
			name = Frameworks;
			sourceTree = "<group>";
		};
		40FA77991F4F20B20092FC85 /* TRAutocompleteView */ = {
			isa = PBXGroup;
			children = (
				40FA779A1F4F20B20092FC85 /* TRAutocompleteItemsSource.h */,
				40FA779B1F4F20B20092FC85 /* TRAutocompleteView.h */,
				40FA779C1F4F20B20092FC85 /* TRAutocompleteView.m */,
				40FA779D1F4F20B20092FC85 /* TRAutocompletionCellFactory.h */,
				40FA779E1F4F20B20092FC85 /* TRStringExtensions.h */,
				40FA779F1F4F20B20092FC85 /* TRStringExtensions.m */,
				40FA77A01F4F20B20092FC85 /* TRTextFieldExtensions.h */,
				40FA77A11F4F20B20092FC85 /* TRTextFieldExtensions.m */,
				40FA77A21F4F20B20092FC85 /* ZixiAutocompleteTableViewCell.h */,
				40FA77A31F4F20B20092FC85 /* ZixiAutocompleteTableViewCell.m */,
				40FA77A41F4F20B20092FC85 /* ZixiSuggestion.h */,
				40FA77A51F4F20B20092FC85 /* ZixiSuggestion.m */,
			);
			path = TRAutocompleteView;
			sourceTree = "<group>";
		};
/* End PBXGroup section */

/* Begin PBXNativeTarget section */
		40C616C01F41A96200E63D64 /* ZixiPlayerSDKTester */ = {
			isa = PBXNativeTarget;
			buildConfigurationList = 40C616D81F41A96200E63D64 /* Build configuration list for PBXNativeTarget "ZixiPlayerSDKTester" */;
			buildPhases = (
				40C616BD1F41A96200E63D64 /* Sources */,
				40C616BE1F41A96200E63D64 /* Frameworks */,
				40C616BF1F41A96200E63D64 /* Resources */,
				38214E382216B47C00E8E0C7 /* Embed Frameworks */,
			);
			buildRules = (
			);
			dependencies = (
			);
			name = ZixiPlayerSDKTester;
			productName = ZixiPlayer;
			productReference = 40C616C11F41A96200E63D64 /* ZixiPlayerSDKTester.app */;
			productType = "com.apple.product-type.application";
		};
/* End PBXNativeTarget section */

/* Begin PBXProject section */
		40C616B91F41A96200E63D64 /* Project object */ = {
			isa = PBXProject;
			attributes = {
				LastUpgradeCheck = 0830;
				ORGANIZATIONNAME = zixi;
				TargetAttributes = {
					40C616C01F41A96200E63D64 = {
						CreatedOnToolsVersion = 8.3.2;
						DevelopmentTeam = 7R6LZV43XN;
						ProvisioningStyle = Manual;
					};
				};
			};
			buildConfigurationList = 40C616BC1F41A96200E63D64 /* Build configuration list for PBXProject "ZixiPlayerSDKTester" */;
			compatibilityVersion = "Xcode 3.2";
			developmentRegion = English;
			hasScannedForEncodings = 0;
			knownRegions = (
				en,
				Base,
			);
			mainGroup = 40C616B81F41A96200E63D64;
			productRefGroup = 40C616C21F41A96200E63D64 /* Products */;
			projectDirPath = "";
			projectRoot = "";
			targets = (
				40C616C01F41A96200E63D64 /* ZixiPlayerSDKTester */,
			);
		};
/* End PBXProject section */

/* Begin PBXResourcesBuildPhase section */
		40C616BF1F41A96200E63D64 /* Resources */ = {
			isa = PBXResourcesBuildPhase;
			buildActionMask = 2147483647;
			files = (
				40C616D41F41A96200E63D64 /* LaunchScreen.storyboard in Resources */,
				40C616D11F41A96200E63D64 /* Assets.xcassets in Resources */,
				40C616CF1F41A96200E63D64 /* Main.storyboard in Resources */,
			);
			runOnlyForDeploymentPostprocessing = 0;
		};
/* End PBXResourcesBuildPhase section */

/* Begin PBXSourcesBuildPhase section */
		40C616BD1F41A96200E63D64 /* Sources */ = {
			isa = PBXSourcesBuildPhase;
			buildActionMask = 2147483647;
			files = (
				40C616CC1F41A96200E63D64 /* ViewController.m in Sources */,
				40FA77A91F4F20C60092FC85 /* ZixiAutocompleteTableViewCell.m in Sources */,
				40FA77A81F4F20C60092FC85 /* TRTextFieldExtensions.m in Sources */,
				40C616C91F41A96200E63D64 /* AppDelegate.m in Sources */,
				40FA77A71F4F20C60092FC85 /* TRStringExtensions.m in Sources */,
				38214E3B2216B64600E8E0C7 /* SplashViewController.m in Sources */,
				40FA77A61F4F20C60092FC85 /* TRAutocompleteView.m in Sources */,
				40C616C61F41A96200E63D64 /* main.m in Sources */,
				40FA77AA1F4F20C60092FC85 /* ZixiSuggestion.m in Sources */,
			);
			runOnlyForDeploymentPostprocessing = 0;
		};
/* End PBXSourcesBuildPhase section */

/* Begin PBXVariantGroup section */
		40C616CD1F41A96200E63D64 /* Main.storyboard */ = {
			isa = PBXVariantGroup;
			children = (
				40C616CE1F41A96200E63D64 /* Base */,
			);
			name = Main.storyboard;
			sourceTree = "<group>";
		};
		40C616D21F41A96200E63D64 /* LaunchScreen.storyboard */ = {
			isa = PBXVariantGroup;
			children = (
				40C616D31F41A96200E63D64 /* Base */,
			);
			name = LaunchScreen.storyboard;
			sourceTree = "<group>";
		};
/* End PBXVariantGroup section */

/* Begin XCBuildConfiguration section */
		40C616D61F41A96200E63D64 /* Debug */ = {
			isa = XCBuildConfiguration;
			buildSettings = {
				ALWAYS_SEARCH_USER_PATHS = NO;
				CLANG_ANALYZER_NONNULL = YES;
				CLANG_ANALYZER_NUMBER_OBJECT_CONVERSION = YES_AGGRESSIVE;
				CLANG_CXX_LANGUAGE_STANDARD = "gnu++0x";
				CLANG_CXX_LIBRARY = "libc++";
				CLANG_ENABLE_MODULES = YES;
				CLANG_ENABLE_OBJC_ARC = YES;
				CLANG_WARN_BOOL_CONVERSION = YES;
				CLANG_WARN_CONSTANT_CONVERSION = YES;
				CLANG_WARN_DIRECT_OBJC_ISA_USAGE = YES_ERROR;
				CLANG_WARN_DOCUMENTATION_COMMENTS = YES;
				CLANG_WARN_EMPTY_BODY = YES;
				CLANG_WARN_ENUM_CONVERSION = YES;
				CLANG_WARN_INFINITE_RECURSION = YES;
				CLANG_WARN_INT_CONVERSION = YES;
				CLANG_WARN_OBJC_ROOT_CLASS = YES_ERROR;
				CLANG_WARN_SUSPICIOUS_MOVE = YES;
				CLANG_WARN_UNREACHABLE_CODE = YES;
				CLANG_WARN__DUPLICATE_METHOD_MATCH = YES;
				"CODE_SIGN_IDENTITY[sdk=iphoneos*]" = "iPhone Developer";
				COPY_PHASE_STRIP = NO;
				DEBUG_INFORMATION_FORMAT = dwarf;
				ENABLE_STRICT_OBJC_MSGSEND = YES;
				ENABLE_TESTABILITY = YES;
				GCC_C_LANGUAGE_STANDARD = gnu99;
				GCC_DYNAMIC_NO_PIC = NO;
				GCC_NO_COMMON_BLOCKS = YES;
				GCC_OPTIMIZATION_LEVEL = 0;
				GCC_PREPROCESSOR_DEFINITIONS = (
					"DEBUG=1",
					"$(inherited)",
				);
				GCC_WARN_64_TO_32_BIT_CONVERSION = YES;
				GCC_WARN_ABOUT_RETURN_TYPE = YES_ERROR;
				GCC_WARN_UNDECLARED_SELECTOR = YES;
				GCC_WARN_UNINITIALIZED_AUTOS = YES_AGGRESSIVE;
				GCC_WARN_UNUSED_FUNCTION = YES;
				GCC_WARN_UNUSED_VARIABLE = YES;
				IPHONEOS_DEPLOYMENT_TARGET = 10.3;
				MTL_ENABLE_DEBUG_INFO = YES;
				ONLY_ACTIVE_ARCH = YES;
				SDKROOT = iphoneos;
				TARGETED_DEVICE_FAMILY = "1,2";
			};
			name = Debug;
		};
		40C616D71F41A96200E63D64 /* Release */ = {
			isa = XCBuildConfiguration;
			buildSettings = {
				ALWAYS_SEARCH_USER_PATHS = NO;
				CLANG_ANALYZER_NONNULL = YES;
				CLANG_ANALYZER_NUMBER_OBJECT_CONVERSION = YES_AGGRESSIVE;
				CLANG_CXX_LANGUAGE_STANDARD = "gnu++0x";
				CLANG_CXX_LIBRARY = "libc++";
				CLANG_ENABLE_MODULES = YES;
				CLANG_ENABLE_OBJC_ARC = YES;
				CLANG_WARN_BOOL_CONVERSION = YES;
				CLANG_WARN_CONSTANT_CONVERSION = YES;
				CLANG_WARN_DIRECT_OBJC_ISA_USAGE = YES_ERROR;
				CLANG_WARN_DOCUMENTATION_COMMENTS = YES;
				CLANG_WARN_EMPTY_BODY = YES;
				CLANG_WARN_ENUM_CONVERSION = YES;
				CLANG_WARN_INFINITE_RECURSION = YES;
				CLANG_WARN_INT_CONVERSION = YES;
				CLANG_WARN_OBJC_ROOT_CLASS = YES_ERROR;
				CLANG_WARN_SUSPICIOUS_MOVE = YES;
				CLANG_WARN_UNREACHABLE_CODE = YES;
				CLANG_WARN__DUPLICATE_METHOD_MATCH = YES;
				"CODE_SIGN_IDENTITY[sdk=iphoneos*]" = "iPhone Developer";
				COPY_PHASE_STRIP = NO;
				DEBUG_INFORMATION_FORMAT = "dwarf-with-dsym";
				ENABLE_NS_ASSERTIONS = NO;
				ENABLE_STRICT_OBJC_MSGSEND = YES;
				GCC_C_LANGUAGE_STANDARD = gnu99;
				GCC_NO_COMMON_BLOCKS = YES;
				GCC_WARN_64_TO_32_BIT_CONVERSION = YES;
				GCC_WARN_ABOUT_RETURN_TYPE = YES_ERROR;
				GCC_WARN_UNDECLARED_SELECTOR = YES;
				GCC_WARN_UNINITIALIZED_AUTOS = YES_AGGRESSIVE;
				GCC_WARN_UNUSED_FUNCTION = YES;
				GCC_WARN_UNUSED_VARIABLE = YES;
				IPHONEOS_DEPLOYMENT_TARGET = 10.3;
				MTL_ENABLE_DEBUG_INFO = NO;
				SDKROOT = iphoneos;
				TARGETED_DEVICE_FAMILY = "1,2";
				VALIDATE_PRODUCT = YES;
			};
			name = Release;
		};
		40C616D91F41A96200E63D64 /* Debug */ = {
			isa = XCBuildConfiguration;
			buildSettings = {
				ASSETCATALOG_COMPILER_APPICON_NAME = AppIcon;
				CODE_SIGN_IDENTITY = "iPhone Developer";
				"CODE_SIGN_IDENTITY[sdk=iphoneos*]" = "iPhone Developer";
				DEVELOPMENT_TEAM = 7R6LZV43XN;
				FRAMEWORK_SEARCH_PATHS = (
					"$(inherited)",
					"$(PROJECT_DIR)",
					"$(PROJECT_DIR)/ZixiPlayerSDKTester",
				);
				INFOPLIST_FILE = ZixiPlayerSDKTester/Info.plist;
				IPHONEOS_DEPLOYMENT_TARGET = 8.0;
				LD_RUNPATH_SEARCH_PATHS = "$(inherited) @executable_path/Frameworks";
				PRODUCT_BUNDLE_IDENTIFIER = "airmont-tv";
				PRODUCT_NAME = "$(TARGET_NAME)";
				PROVISIONING_PROFILE = "8b2f690f-4628-48fa-a220-71b318d79e7b";
				PROVISIONING_PROFILE_SPECIFIER = "Airmont-tv-dev";
			};
			name = Debug;
		};
		40C616DA1F41A96200E63D64 /* Release */ = {
			isa = XCBuildConfiguration;
			buildSettings = {
				ASSETCATALOG_COMPILER_APPICON_NAME = AppIcon;
				CODE_SIGN_IDENTITY = "iPhone Distribution";
				"CODE_SIGN_IDENTITY[sdk=iphoneos*]" = "iPhone Developer";
				DEVELOPMENT_TEAM = 7R6LZV43XN;
				FRAMEWORK_SEARCH_PATHS = (
					"$(inherited)",
					"$(PROJECT_DIR)",
					"$(PROJECT_DIR)/ZixiPlayerSDKTester",
				);
				INFOPLIST_FILE = ZixiPlayerSDKTester/Info.plist;
				IPHONEOS_DEPLOYMENT_TARGET = 8.0;
				LD_RUNPATH_SEARCH_PATHS = "$(inherited) @executable_path/Frameworks";
				PRODUCT_BUNDLE_IDENTIFIER = "airmont-tv";
				PRODUCT_NAME = "$(TARGET_NAME)";
				PROVISIONING_PROFILE = "8b2f690f-4628-48fa-a220-71b318d79e7b";
				PROVISIONING_PROFILE_SPECIFIER = "Airmont-tv-dev";
			};
			name = Release;
		};
/* End XCBuildConfiguration section */

/* Begin XCConfigurationList section */
		40C616BC1F41A96200E63D64 /* Build configuration list for PBXProject "ZixiPlayerSDKTester" */ = {
			isa = XCConfigurationList;
			buildConfigurations = (
				40C616D61F41A96200E63D64 /* Debug */,
				40C616D71F41A96200E63D64 /* Release */,
			);
			defaultConfigurationIsVisible = 0;
			defaultConfigurationName = Release;
		};
		40C616D81F41A96200E63D64 /* Build configuration list for PBXNativeTarget "ZixiPlayerSDKTester" */ = {
			isa = XCConfigurationList;
			buildConfigurations = (
				40C616D91F41A96200E63D64 /* Debug */,
				40C616DA1F41A96200E63D64 /* Release */,
			);
			defaultConfigurationIsVisible = 0;
			defaultConfigurationName = Release;
		};
/* End XCConfigurationList section */
	};
	rootObject = 40C616B91F41A96200E63D64 /* Project object */;
}
